
Microsoft Visual Studio Solution File, Format Version 12.00
# Visual Studio Version 17
Project("{2150E333-8FDC-42A3-9474-1A3956D46DE8}") = "CMakePredefinedTargets", "CMakePredefinedTargets", "{02B2ACE7-05D9-329D-B33D-300CA7EF3682}"
EndProject
Project("{8BC9CEB8-8B4A-11D0-8D11-00A0C91BC942}") = "CSC8503", "CSC8503\CSC8503.vcxproj", "{953C2919-2ADD-3F36-9256-4D012A6D22D1}"
	ProjectSection(ProjectDependencies) = postProject
		{57E76243-3D2B-3329-911C-B1FCE2321BC2} = {57E76243-3D2B-3329-911C-B1FCE2321BC2}
		{C15294E9-0F6B-3B1A-AA6D-5A00853C0D05} = {C15294E9-0F6B-3B1A-AA6D-5A00853C0D05}
		{448DA324-A98A-365D-9C81-F54BAC557E92} = {448DA324-A98A-365D-9C81-F54BAC557E92}
		{E0B2AF7D-497A-3E8F-948F-FDDEB2D07D1D} = {E0B2AF7D-497A-3E8F-948F-FDDEB2D07D1D}
	EndProjectSection
EndProject
Project("{8BC9CEB8-8B4A-11D0-8D11-00A0C91BC942}") = "ALL_BUILD", "ALL_BUILD.vcxproj", "{3EAA6842-14B5-3399-A6DF-40526D3AB1BA}"
	ProjectSection(ProjectDependencies) = postProject
		{953C2919-2ADD-3F36-9256-4D012A6D22D1} = {953C2919-2ADD-3F36-9256-4D012A6D22D1}
		{57E76243-3D2B-3329-911C-B1FCE2321BC2} = {57E76243-3D2B-3329-911C-B1FCE2321BC2}
		{C15294E9-0F6B-3B1A-AA6D-5A00853C0D05} = {C15294E9-0F6B-3B1A-AA6D-5A00853C0D05}
		{448DA324-A98A-365D-9C81-F54BAC557E92} = {448DA324-A98A-365D-9C81-F54BAC557E92}
		{E0B2AF7D-497A-3E8F-948F-FDDEB2D07D1D} = {E0B2AF7D-497A-3E8F-948F-FDDEB2D07D1D}
	EndProjectSection
EndProject
Project("{8BC9CEB8-8B4A-11D0-8D11-00A0C91BC942}") = "CSC8503CoreClasses", "CSC8503CoreClasses\CSC8503CoreClasses.vcxproj", "{57E76243-3D2B-3329-911C-B1FCE2321BC2}"
	ProjectSection(ProjectDependencies) = postProject
		{E0B2AF7D-497A-3E8F-948F-FDDEB2D07D1D} = {E0B2AF7D-497A-3E8F-948F-FDDEB2D07D1D}
	EndProjectSection
EndProject
Project("{8BC9CEB8-8B4A-11D0-8D11-00A0C91BC942}") = "NCLCoreClasses", "NCLCoreClasses\NCLCoreClasses.vcxproj", "{C15294E9-0F6B-3B1A-AA6D-5A00853C0D05}"
	ProjectSection(ProjectDependencies) = postProject
		{E0B2AF7D-497A-3E8F-948F-FDDEB2D07D1D} = {E0B2AF7D-497A-3E8F-948F-FDDEB2D07D1D}
	EndProjectSection
EndProject
Project("{8BC9CEB8-8B4A-11D0-8D11-00A0C91BC942}") = "OpenGLRendering", "OpenGLRendering\OpenGLRendering.vcxproj", "{448DA324-A98A-365D-9C81-F54BAC557E92}"
	ProjectSection(ProjectDependencies) = postProject
		{C15294E9-0F6B-3B1A-AA6D-5A00853C0D05} = {C15294E9-0F6B-3B1A-AA6D-5A00853C0D05}
		{E0B2AF7D-497A-3E8F-948F-FDDEB2D07D1D} = {E0B2AF7D-497A-3E8F-948F-FDDEB2D07D1D}
	EndProjectSection
EndProject
Project("{8BC9CEB8-8B4A-11D0-8D11-00A0C91BC942}") = "ZERO_CHECK", "ZERO_CHECK.vcxproj", "{E0B2AF7D-497A-3E8F-948F-FDDEB2D07D1D}"
	ProjectSection(ProjectDependencies) = postProject
	EndProjectSection
EndProject
Global
	GlobalSection(SolutionConfigurationPlatforms) = preSolution
		Debug|x64 = Debug|x64
		Release|x64 = Release|x64
	EndGlobalSection
	GlobalSection(ProjectConfigurationPlatforms) = postSolution
		{953C2919-2ADD-3F36-9256-4D012A6D22D1}.Debug|x64.ActiveCfg = Debug|x64
		{953C2919-2ADD-3F36-9256-4D012A6D22D1}.Debug|x64.Build.0 = Debug|x64
		{953C2919-2ADD-3F36-9256-4D012A6D22D1}.Release|x64.ActiveCfg = Release|x64
		{953C2919-2ADD-3F36-9256-4D012A6D22D1}.Release|x64.Build.0 = Release|x64
		{3EAA6842-14B5-3399-A6DF-40526D3AB1BA}.Debug|x64.ActiveCfg = Debug|x64
		{3EAA6842-14B5-3399-A6DF-40526D3AB1BA}.Release|x64.ActiveCfg = Release|x64
		{57E76243-3D2B-3329-911C-B1FCE2321BC2}.Debug|x64.ActiveCfg = Debug|x64
		{57E76243-3D2B-3329-911C-B1FCE2321BC2}.Debug|x64.Build.0 = Debug|x64
		{57E76243-3D2B-3329-911C-B1FCE2321BC2}.Release|x64.ActiveCfg = Release|x64
		{57E76243-3D2B-3329-911C-B1FCE2321BC2}.Release|x64.Build.0 = Release|x64
		{C15294E9-0F6B-3B1A-AA6D-5A00853C0D05}.Debug|x64.ActiveCfg = Debug|x64
		{C15294E9-0F6B-3B1A-AA6D-5A00853C0D05}.Debug|x64.Build.0 = Debug|x64
		{C15294E9-0F6B-3B1A-AA6D-5A00853C0D05}.Release|x64.ActiveCfg = Release|x64
		{C15294E9-0F6B-3B1A-AA6D-5A00853C0D05}.Release|x64.Build.0 = Release|x64
		{448DA324-A98A-365D-9C81-F54BAC557E92}.Debug|x64.ActiveCfg = Debug|x64
		{448DA324-A98A-365D-9C81-F54BAC557E92}.Debug|x64.Build.0 = Debug|x64
		{448DA324-A98A-365D-9C81-F54BAC557E92}.Release|x64.ActiveCfg = Release|x64
		{448DA324-A98A-365D-9C81-F54BAC557E92}.Release|x64.Build.0 = Release|x64
		{E0B2AF7D-497A-3E8F-948F-FDDEB2D07D1D}.Debug|x64.ActiveCfg = Debug|x64
		{E0B2AF7D-497A-3E8F-948F-FDDEB2D07D1D}.Debug|x64.Build.0 = Debug|x64
		{E0B2AF7D-497A-3E8F-948F-FDDEB2D07D1D}.Release|x64.ActiveCfg = Release|x64
		{E0B2AF7D-497A-3E8F-948F-FDDEB2D07D1D}.Release|x64.Build.0 = Release|x64
	EndGlobalSection
	GlobalSection(NestedProjects) = preSolution
		{3EAA6842-14B5-3399-A6DF-40526D3AB1BA} = {02B2ACE7-05D9-329D-B33D-300CA7EF3682}
		{E0B2AF7D-497A-3E8F-948F-FDDEB2D07D1D} = {02B2ACE7-05D9-329D-B33D-300CA7EF3682}
	EndGlobalSection
	GlobalSection(ExtensibilityGlobals) = postSolution
		SolutionGuid = {D51F4DD9-0EAF-338F-AAA5-E2A5E3F17EE9}
	EndGlobalSection
	GlobalSection(ExtensibilityAddIns) = postSolution
	EndGlobalSection
EndGlobal
