<?xml version="1.0" encoding="utf-8"?>
<Project ToolsVersion="17.0" xmlns="http://schemas.microsoft.com/developer/msbuild/2003">
  <ItemGroup>
    <CustomBuild Include="H:\CSC8503 2023\CMakeFiles\820a487f66b9c05c2b0373cf4f6f7466\generate.stamp.rule">
      <Filter>CMake Rules</Filter>
    </CustomBuild>
  </ItemGroup>
  <ItemGroup>
    <Filter Include="CMake Rules">
      <UniqueIdentifier>{AF2C49CC-0EEF-3CB8-A015-D69A6580A975}</UniqueIdentifier>
    </Filter>
  </ItemGroup>
</Project>
