<?xml version="1.0" encoding="utf-8"?>
<Project ToolsVersion="17.0" xmlns="http://schemas.microsoft.com/developer/msbuild/2003">
  <ItemGroup>
    <ClCompile Include="H:\CSC8503 2023\CSC8503\CMakeFiles\CSC8503.dir\cmake_pch.cxx">
      <Filter>Source Files</Filter>
    </ClCompile>
    <ClCompile Include="H:\CSC8503 2023\CSC8503\GameTechRenderer.cpp">
      <Filter>Source Files</Filter>
    </ClCompile>
    <ClCompile Include="H:\CSC8503 2023\CSC8503\Main.cpp">
      <Filter>Source Files</Filter>
    </ClCompile>
    <ClCompile Include="H:\CSC8503 2023\CSC8503\NetworkedGame.cpp">
      <Filter>Source Files</Filter>
    </ClCompile>
    <ClCompile Include="H:\CSC8503 2023\CSC8503\NetworkPlayer.cpp">
      <Filter>Source Files</Filter>
    </ClCompile>
    <ClCompile Include="H:\CSC8503 2023\CSC8503\StateGameObject.cpp">
      <Filter>Source Files</Filter>
    </ClCompile>
    <ClCompile Include="H:\CSC8503 2023\CSC8503\TutorialGame.cpp">
      <Filter>Source Files</Filter>
    </ClCompile>
  </ItemGroup>
  <ItemGroup>
    <ClInclude Include="H:\CSC8503 2023\CSC8503\GameTechRenderer.h">
      <Filter>Header Files</Filter>
    </ClInclude>
    <ClInclude Include="H:\CSC8503 2023\CSC8503\NetworkedGame.h">
      <Filter>Header Files</Filter>
    </ClInclude>
    <ClInclude Include="H:\CSC8503 2023\CSC8503\NetworkPlayer.h">
      <Filter>Header Files</Filter>
    </ClInclude>
    <ClInclude Include="H:\CSC8503 2023\CSC8503\StateGameObject.h">
      <Filter>Header Files</Filter>
    </ClInclude>
    <ClInclude Include="H:\CSC8503 2023\CSC8503\TutorialGame.h">
      <Filter>Header Files</Filter>
    </ClInclude>
    <ClInclude Include="H:\CSC8503 2023\CSC8503\CMakeFiles\CSC8503.dir\Debug\cmake_pch.hxx">
      <Filter>Precompile Header File</Filter>
    </ClInclude>
    <ClInclude Include="H:\CSC8503 2023\CSC8503\CMakeFiles\CSC8503.dir\Release\cmake_pch.hxx">
      <Filter>Precompile Header File</Filter>
    </ClInclude>
  </ItemGroup>
  <ItemGroup>
    <CustomBuild Include="H:\CSC8503 2023\CSC8503\CMakeLists.txt" />
  </ItemGroup>
  <ItemGroup>
    <Filter Include="Header Files">
      <UniqueIdentifier>{C2F05B32-677A-3088-A5C1-C6FFD912C648}</UniqueIdentifier>
    </Filter>
    <Filter Include="Precompile Header File">
      <UniqueIdentifier>{854BFCED-4F09-3058-ABB0-B130CDA102A2}</UniqueIdentifier>
    </Filter>
    <Filter Include="Source Files">
      <UniqueIdentifier>{B147ED7F-4441-35C0-8CE8-23926516A2C8}</UniqueIdentifier>
    </Filter>
  </ItemGroup>
</Project>
